// !$*UTF8*$!
{
	archiveVersion = 1;
	classes = {
	};
	objectVersion = 46;
	objects = {

/* Begin PBXBuildFile section */
		F0D5EC151C1A7165004D2C63 /* AppDelegate.swift in Sources */ = {isa = PBXBuildFile; fileRef = F0D5EC141C1A7165004D2C63 /* AppDelegate.swift */; };
		F0D5EC171C1A7165004D2C63 /* ViewController.swift in Sources */ = {isa = PBXBuildFile; fileRef = F0D5EC161C1A7165004D2C63 /* ViewController.swift */; };
		F0D5EC1A1C1A7165004D2C63 /* Main.storyboard in Resources */ = {isa = PBXBuildFile; fileRef = F0D5EC181C1A7165004D2C63 /* Main.storyboard */; };
		F0D5EC1C1C1A7165004D2C63 /* Assets.xcassets in Resources */ = {isa = PBXBuildFile; fileRef = F0D5EC1B1C1A7165004D2C63 /* Assets.xcassets */; };
		F0D5EC1F1C1A7165004D2C63 /* LaunchScreen.storyboard in Resources */ = {isa = PBXBuildFile; fileRef = F0D5EC1D1C1A7165004D2C63 /* LaunchScreen.storyboard */; };
		F0D5EC2A1C1A7165004D2C63 /* Quiz_GameTests.swift in Sources */ = {isa = PBXBuildFile; fileRef = F0D5EC291C1A7165004D2C63 /* Quiz_GameTests.swift */; };
		F0D5EC351C1A7165004D2C63 /* Quiz_GameUITests.swift in Sources */ = {isa = PBXBuildFile; fileRef = F0D5EC341C1A7165004D2C63 /* Quiz_GameUITests.swift */; };
/* End PBXBuildFile section */

/* Begin PBXContainerItemProxy section */
		F0D5EC261C1A7165004D2C63 /* PBXContainerItemProxy */ = {
			isa = PBXContainerItemProxy;
			containerPortal = F0D5EC091C1A7164004D2C63 /* Project object */;
			proxyType = 1;
			remoteGlobalIDString = F0D5EC101C1A7164004D2C63;
			remoteInfo = "Quiz Game";
		};
		F0D5EC311C1A7165004D2C63 /* PBXContainerItemProxy */ = {
			isa = PBXContainerItemProxy;
			containerPortal = F0D5EC091C1A7164004D2C63 /* Project object */;
			proxyType = 1;
			remoteGlobalIDString = F0D5EC101C1A7164004D2C63;
			remoteInfo = "Quiz Game";
		};
/* End PBXContainerItemProxy section */

/* Begin PBXFileReference section */
		F0D5EC111C1A7165004D2C63 /* Quiz Game.app */ = {isa = PBXFileReference; explicitFileType = wrapper.application; includeInIndex = 0; path = "Quiz Game.app"; sourceTree = BUILT_PRODUCTS_DIR; };
		F0D5EC141C1A7165004D2C63 /* AppDelegate.swift */ = {isa = PBXFileReference; lastKnownFileType = sourcecode.swift; path = AppDelegate.swift; sourceTree = "<group>"; };
		F0D5EC161C1A7165004D2C63 /* ViewController.swift */ = {isa = PBXFileReference; lastKnownFileType = sourcecode.swift; path = ViewController.swift; sourceTree = "<group>"; };
		F0D5EC191C1A7165004D2C63 /* Base */ = {isa = PBXFileReference; lastKnownFileType = file.storyboard; name = Base; path = Base.lproj/Main.storyboard; sourceTree = "<group>"; };
		F0D5EC1B1C1A7165004D2C63 /* Assets.xcassets */ = {isa = PBXFileReference; lastKnownFileType = folder.assetcatalog; path = Assets.xcassets; sourceTree = "<group>"; };
		F0D5EC1E1C1A7165004D2C63 /* Base */ = {isa = PBXFileReference; lastKnownFileType = file.storyboard; name = Base; path = Base.lproj/LaunchScreen.storyboard; sourceTree = "<group>"; };
		F0D5EC201C1A7165004D2C63 /* Info.plist */ = {isa = PBXFileReference; lastKnownFileType = text.plist.xml; path = Info.plist; sourceTree = "<group>"; };
		F0D5EC251C1A7165004D2C63 /* Quiz GameTests.xctest */ = {isa = PBXFileReference; explicitFileType = wrapper.cfbundle; includeInIndex = 0; path = "Quiz GameTests.xctest"; sourceTree = BUILT_PRODUCTS_DIR; };
		F0D5EC291C1A7165004D2C63 /* Quiz_GameTests.swift */ = {isa = PBXFileReference; lastKnownFileType = sourcecode.swift; path = Quiz_GameTests.swift; sourceTree = "<group>"; };
		F0D5EC2B1C1A7165004D2C63 /* Info.plist */ = {isa = PBXFileReference; lastKnownFileType = text.plist.xml; path = Info.plist; sourceTree = "<group>"; };
		F0D5EC301C1A7165004D2C63 /* Quiz GameUITests.xctest */ = {isa = PBXFileReference; explicitFileType = wrapper.cfbundle; includeInIndex = 0; path = "Quiz GameUITests.xctest"; sourceTree = BUILT_PRODUCTS_DIR; };
		F0D5EC341C1A7165004D2C63 /* Quiz_GameUITests.swift */ = {isa = PBXFileReference; lastKnownFileType = sourcecode.swift; path = Quiz_GameUITests.swift; sourceTree = "<group>"; };
		F0D5EC361C1A7165004D2C63 /* Info.plist */ = {isa = PBXFileReference; lastKnownFileType = text.plist.xml; path = Info.plist; sourceTree = "<group>"; };
/* End PBXFileReference section */

/* Begin PBXFrameworksBuildPhase section */
		F0D5EC0E1C1A7164004D2C63 /* Frameworks */ = {
			isa = PBXFrameworksBuildPhase;
			buildActionMask = 2147483647;
			files = (
			);
			runOnlyForDeploymentPostprocessing = 0;
		};
		F0D5EC221C1A7165004D2C63 /* Frameworks */ = {
			isa = PBXFrameworksBuildPhase;
			buildActionMask = 2147483647;
			files = (
			);
			runOnlyForDeploymentPostprocessing = 0;
		};
		F0D5EC2D1C1A7165004D2C63 /* Frameworks */ = {
			isa = PBXFrameworksBuildPhase;
			buildActionMask = 2147483647;
			files = (
			);
			runOnlyForDeploymentPostprocessing = 0;
		};
/* End PBXFrameworksBuildPhase section */

/* Begin PBXGroup section */
		F0D5EC081C1A7164004D2C63 = {
			isa = PBXGroup;
			children = (
				F0D5EC131C1A7165004D2C63 /* Quiz Game */,
				F0D5EC281C1A7165004D2C63 /* Quiz GameTests */,
				F0D5EC331C1A7165004D2C63 /* Quiz GameUITests */,
				F0D5EC121C1A7165004D2C63 /* Products */,
			);
			sourceTree = "<group>";
		};
		F0D5EC121C1A7165004D2C63 /* Products */ = {
			isa = PBXGroup;
			children = (
				F0D5EC111C1A7165004D2C63 /* Quiz Game.app */,
				F0D5EC251C1A7165004D2C63 /* Quiz GameTests.xctest */,
				F0D5EC301C1A7165004D2C63 /* Quiz GameUITests.xctest */,
			);
			name = Products;
			sourceTree = "<group>";
		};
		F0D5EC131C1A7165004D2C63 /* Quiz Game */ = {
			isa = PBXGroup;
			children = (
				F0D5EC141C1A7165004D2C63 /* AppDelegate.swift */,
				F0D5EC161C1A7165004D2C63 /* ViewController.swift */,
				F0D5EC181C1A7165004D2C63 /* Main.storyboard */,
				F0D5EC1B1C1A7165004D2C63 /* Assets.xcassets */,
				F0D5EC1D1C1A7165004D2C63 /* LaunchScreen.storyboard */,
				F0D5EC201C1A7165004D2C63 /* Info.plist */,
			);
			path = "Quiz Game";
			sourceTree = "<group>";
		};
		F0D5EC281C1A7165004D2C63 /* Quiz GameTests */ = {
			isa = PBXGroup;
			children = (
				F0D5EC291C1A7165004D2C63 /* Quiz_GameTests.swift */,
				F0D5EC2B1C1A7165004D2C63 /* Info.plist */,
			);
			path = "Quiz GameTests";
			sourceTree = "<group>";
		};
		F0D5EC331C1A7165004D2C63 /* Quiz GameUITests */ = {
			isa = PBXGroup;
			children = (
				F0D5EC341C1A7165004D2C63 /* Quiz_GameUITests.swift */,
				F0D5EC361C1A7165004D2C63 /* Info.plist */,
			);
			path = "Quiz GameUITests";
			sourceTree = "<group>";
		};
/* End PBXGroup section */

/* Begin PBXNativeTarget section */
		F0D5EC101C1A7164004D2C63 /* Quiz Game */ = {
			isa = PBXNativeTarget;
			buildConfigurationList = F0D5EC391C1A7165004D2C63 /* Build configuration list for PBXNativeTarget "Quiz Game" */;
			buildPhases = (
				F0D5EC0D1C1A7164004D2C63 /* Sources */,
				F0D5EC0E1C1A7164004D2C63 /* Frameworks */,
				F0D5EC0F1C1A7164004D2C63 /* Resources */,
			);
			buildRules = (
			);
			dependencies = (
			);
			name = "Quiz Game";
			productName = "Quiz Game";
			productReference = F0D5EC111C1A7165004D2C63 /* Quiz Game.app */;
			productType = "com.apple.product-type.application";
		};
		F0D5EC241C1A7165004D2C63 /* Quiz GameTests */ = {
			isa = PBXNativeTarget;
			buildConfigurationList = F0D5EC3C1C1A7165004D2C63 /* Build configuration list for PBXNativeTarget "Quiz GameTests" */;
			buildPhases = (
				F0D5EC211C1A7165004D2C63 /* Sources */,
				F0D5EC221C1A7165004D2C63 /* Frameworks */,
				F0D5EC231C1A7165004D2C63 /* Resources */,
			);
			buildRules = (
			);
			dependencies = (
				F0D5EC271C1A7165004D2C63 /* PBXTargetDependency */,
			);
			name = "Quiz GameTests";
			productName = "Quiz GameTests";
			productReference = F0D5EC251C1A7165004D2C63 /* Quiz GameTests.xctest */;
			productType = "com.apple.product-type.bundle.unit-test";
		};
		F0D5EC2F1C1A7165004D2C63 /* Quiz GameUITests */ = {
			isa = PBXNativeTarget;
			buildConfigurationList = F0D5EC3F1C1A7165004D2C63 /* Build configuration list for PBXNativeTarget "Quiz GameUITests" */;
			buildPhases = (
				F0D5EC2C1C1A7165004D2C63 /* Sources */,
				F0D5EC2D1C1A7165004D2C63 /* Frameworks */,
				F0D5EC2E1C1A7165004D2C63 /* Resources */,
			);
			buildRules = (
			);
			dependencies = (
				F0D5EC321C1A7165004D2C63 /* PBXTargetDependency */,
			);
			name = "Quiz GameUITests";
			productName = "Quiz GameUITests";
			productReference = F0D5EC301C1A7165004D2C63 /* Quiz GameUITests.xctest */;
			productType = "com.apple.product-type.bundle.ui-testing";
		};
/* End PBXNativeTarget section */

/* Begin PBXProject section */
		F0D5EC091C1A7164004D2C63 /* Project object */ = {
			isa = PBXProject;
			attributes = {
				LastSwiftUpdateCheck = 0710;
				LastUpgradeCheck = 0710;
				ORGANIZATIONNAME = Amrit;
				TargetAttributes = {
					F0D5EC101C1A7164004D2C63 = {
						CreatedOnToolsVersion = 7.1.1;
						DevelopmentTeam = PVQ3KQ4EA2;
					};
					F0D5EC241C1A7165004D2C63 = {
						CreatedOnToolsVersion = 7.1.1;
						DevelopmentTeam = PVQ3KQ4EA2;
						TestTargetID = F0D5EC101C1A7164004D2C63;
					};
					F0D5EC2F1C1A7165004D2C63 = {
						CreatedOnToolsVersion = 7.1.1;
						DevelopmentTeam = PVQ3KQ4EA2;
						TestTargetID = F0D5EC101C1A7164004D2C63;
					};
				};
			};
			buildConfigurationList = F0D5EC0C1C1A7164004D2C63 /* Build configuration list for PBXProject "Quiz Game" */;
			compatibilityVersion = "Xcode 3.2";
			developmentRegion = English;
			hasScannedForEncodings = 0;
			knownRegions = (
				en,
				Base,
			);
			mainGroup = F0D5EC081C1A7164004D2C63;
			productRefGroup = F0D5EC121C1A7165004D2C63 /* Products */;
			projectDirPath = "";
			projectRoot = "";
			targets = (
				F0D5EC101C1A7164004D2C63 /* Quiz Game */,
				F0D5EC241C1A7165004D2C63 /* Quiz GameTests */,
				F0D5EC2F1C1A7165004D2C63 /* Quiz GameUITests */,
			);
		};
/* End PBXProject section */

/* Begin PBXResourcesBuildPhase section */
		F0D5EC0F1C1A7164004D2C63 /* Resources */ = {
			isa = PBXResourcesBuildPhase;
			buildActionMask = 2147483647;
			files = (
				F0D5EC1F1C1A7165004D2C63 /* LaunchScreen.storyboard in Resources */,
				F0D5EC1C1C1A7165004D2C63 /* Assets.xcassets in Resources */,
				F0D5EC1A1C1A7165004D2C63 /* Main.storyboard in Resources */,
			);
			runOnlyForDeploymentPostprocessing = 0;
		};
		F0D5EC231C1A7165004D2C63 /* Resources */ = {
			isa = PBXResourcesBuildPhase;
			buildActionMask = 2147483647;
			files = (
			);
			runOnlyForDeploymentPostprocessing = 0;
		};
		F0D5EC2E1C1A7165004D2C63 /* Resources */ = {
			isa = PBXResourcesBuildPhase;
			buildActionMask = 2147483647;
			files = (
			);
			runOnlyForDeploymentPostprocessing = 0;
		};
/* End PBXResourcesBuildPhase section */

/* Begin PBXSourcesBuildPhase section */
		F0D5EC0D1C1A7164004D2C63 /* Sources */ = {
			isa = PBXSourcesBuildPhase;
			buildActionMask = 2147483647;
			files = (
				F0D5EC171C1A7165004D2C63 /* ViewController.swift in Sources */,
				F0D5EC151C1A7165004D2C63 /* AppDelegate.swift in Sources */,
			);
			runOnlyForDeploymentPostprocessing = 0;
		};
		F0D5EC211C1A7165004D2C63 /* Sources */ = {
			isa = PBXSourcesBuildPhase;
			buildActionMask = 2147483647;
			files = (
				F0D5EC2A1C1A7165004D2C63 /* Quiz_GameTests.swift in Sources */,
			);
			runOnlyForDeploymentPostprocessing = 0;
		};
		F0D5EC2C1C1A7165004D2C63 /* Sources */ = {
			isa = PBXSourcesBuildPhase;
			buildActionMask = 2147483647;
			files = (
				F0D5EC351C1A7165004D2C63 /* Quiz_GameUITests.swift in Sources */,
			);
			runOnlyForDeploymentPostprocessing = 0;
		};
/* End PBXSourcesBuildPhase section */

/* Begin PBXTargetDependency section */
		F0D5EC271C1A7165004D2C63 /* PBXTargetDependency */ = {
			isa = PBXTargetDependency;
			target = F0D5EC101C1A7164004D2C63 /* Quiz Game */;
			targetProxy = F0D5EC261C1A7165004D2C63 /* PBXContainerItemProxy */;
		};
		F0D5EC321C1A7165004D2C63 /* PBXTargetDependency */ = {
			isa = PBXTargetDependency;
			target = F0D5EC101C1A7164004D2C63 /* Quiz Game */;
			targetProxy = F0D5EC311C1A7165004D2C63 /* PBXContainerItemProxy */;
		};
/* End PBXTargetDependency section */

/* Begin PBXVariantGroup section */
		F0D5EC181C1A7165004D2C63 /* Main.storyboard */ = {
			isa = PBXVariantGroup;
			children = (
				F0D5EC191C1A7165004D2C63 /* Base */,
			);
			name = Main.storyboard;
			sourceTree = "<group>";
		};
		F0D5EC1D1C1A7165004D2C63 /* LaunchScreen.storyboard */ = {
			isa = PBXVariantGroup;
			children = (
				F0D5EC1E1C1A7165004D2C63 /* Base */,
			);
			name = LaunchScreen.storyboard;
			sourceTree = "<group>";
		};
/* End PBXVariantGroup section */

/* Begin XCBuildConfiguration section */
		F0D5EC371C1A7165004D2C63 /* Debug */ = {
			isa = XCBuildConfiguration;
			buildSettings = {
				ALWAYS_SEARCH_USER_PATHS = NO;
				CLANG_CXX_LANGUAGE_STANDARD = "gnu++0x";
				CLANG_CXX_LIBRARY = "libc++";
				CLANG_ENABLE_MODULES = YES;
				CLANG_ENABLE_OBJC_ARC = YES;
				CLANG_WARN_BOOL_CONVERSION = YES;
				CLANG_WARN_CONSTANT_CONVERSION = YES;
				CLANG_WARN_DIRECT_OBJC_ISA_USAGE = YES_ERROR;
				CLANG_WARN_EMPTY_BODY = YES;
				CLANG_WARN_ENUM_CONVERSION = YES;
				CLANG_WARN_INT_CONVERSION = YES;
				CLANG_WARN_OBJC_ROOT_CLASS = YES_ERROR;
				CLANG_WARN_UNREACHABLE_CODE = YES;
				CLANG_WARN__DUPLICATE_METHOD_MATCH = YES;
				"CODE_SIGN_IDENTITY[sdk=iphoneos*]" = "iPhone Developer";
				COPY_PHASE_STRIP = NO;
				DEBUG_INFORMATION_FORMAT = dwarf;
				ENABLE_STRICT_OBJC_MSGSEND = YES;
				ENABLE_TESTABILITY = YES;
				GCC_C_LANGUAGE_STANDARD = gnu99;
				GCC_DYNAMIC_NO_PIC = NO;
				GCC_NO_COMMON_BLOCKS = YES;
				GCC_OPTIMIZATION_LEVEL = 0;
				GCC_PREPROCESSOR_DEFINITIONS = (
					"DEBUG=1",
					"$(inherited)",
				);
				GCC_WARN_64_TO_32_BIT_CONVERSION = YES;
				GCC_WARN_ABOUT_RETURN_TYPE = YES_ERROR;
				GCC_WARN_UNDECLARED_SELECTOR = YES;
				GCC_WARN_UNINITIALIZED_AUTOS = YES_AGGRESSIVE;
				GCC_WARN_UNUSED_FUNCTION = YES;
				GCC_WARN_UNUSED_VARIABLE = YES;
				IPHONEOS_DEPLOYMENT_TARGET = 9.1;
				MTL_ENABLE_DEBUG_INFO = YES;
				ONLY_ACTIVE_ARCH = YES;
				SDKROOT = iphoneos;
				SWIFT_OPTIMIZATION_LEVEL = "-Onone";
				TARGETED_DEVICE_FAMILY = "1,2";
			};
			name = Debug;
		};
		F0D5EC381C1A7165004D2C63 /* Release */ = {
			isa = XCBuildConfiguration;
			buildSettings = {
				ALWAYS_SEARCH_USER_PATHS = NO;
				CLANG_CXX_LANGUAGE_STANDARD = "gnu++0x";
				CLANG_CXX_LIBRARY = "libc++";
				CLANG_ENABLE_MODULES = YES;
				CLANG_ENABLE_OBJC_ARC = YES;
				CLANG_WARN_BOOL_CONVERSION = YES;
				CLANG_WARN_CONSTANT_CONVERSION = YES;
				CLANG_WARN_DIRECT_OBJC_ISA_USAGE = YES_ERROR;
				CLANG_WARN_EMPTY_BODY = YES;
				CLANG_WARN_ENUM_CONVERSION = YES;
				CLANG_WARN_INT_CONVERSION = YES;
				CLANG_WARN_OBJC_ROOT_CLASS = YES_ERROR;
				CLANG_WARN_UNREACHABLE_CODE = YES;
				CLANG_WARN__DUPLICATE_METHOD_MATCH = YES;
				"CODE_SIGN_IDENTITY[sdk=iphoneos*]" = "iPhone Developer";
				COPY_PHASE_STRIP = NO;
				DEBUG_INFORMATION_FORMAT = "dwarf-with-dsym";
				ENABLE_NS_ASSERTIONS = NO;
				ENABLE_STRICT_OBJC_MSGSEND = YES;
				GCC_C_LANGUAGE_STANDARD = gnu99;
				GCC_NO_COMMON_BLOCKS = YES;
				GCC_WARN_64_TO_32_BIT_CONVERSION = YES;
				GCC_WARN_ABOUT_RETURN_TYPE = YES_ERROR;
				GCC_WARN_UNDECLARED_SELECTOR = YES;
				GCC_WARN_UNINITIALIZED_AUTOS = YES_AGGRESSIVE;
				GCC_WARN_UNUSED_FUNCTION = YES;
				GCC_WARN_UNUSED_VARIABLE = YES;
				IPHONEOS_DEPLOYMENT_TARGET = 9.1;
				MTL_ENABLE_DEBUG_INFO = NO;
				SDKROOT = iphoneos;
				TARGETED_DEVICE_FAMILY = "1,2";
				VALIDATE_PRODUCT = YES;
			};
			name = Release;
		};
		F0D5EC3A1C1A7165004D2C63 /* Debug */ = {
			isa = XCBuildConfiguration;
			buildSettings = {
				ASSETCATALOG_COMPILER_APPICON_NAME = AppIcon;
				INFOPLIST_FILE = "Quiz Game/Info.plist";
				IPHONEOS_DEPLOYMENT_TARGET = 9.1;
				LD_RUNPATH_SEARCH_PATHS = "$(inherited) @executable_path/Frameworks";
				PRODUCT_BUNDLE_IDENTIFIER = "com.amrit.Quiz-Game";
				PRODUCT_NAME = "$(TARGET_NAME)";
			};
			name = Debug;
		};
		F0D5EC3B1C1A7165004D2C63 /* Release */ = {
			isa = XCBuildConfiguration;
			buildSettings = {
				ASSETCATALOG_COMPILER_APPICON_NAME = AppIcon;
				INFOPLIST_FILE = "Quiz Game/Info.plist";
				IPHONEOS_DEPLOYMENT_TARGET = 9.1;
				LD_RUNPATH_SEARCH_PATHS = "$(inherited) @executable_path/Frameworks";
				PRODUCT_BUNDLE_IDENTIFIER = "com.amrit.Quiz-Game";
				PRODUCT_NAME = "$(TARGET_NAME)";
			};
			name = Release;
		};
		F0D5EC3D1C1A7165004D2C63 /* Debug */ = {
			isa = XCBuildConfiguration;
			buildSettings = {
				BUNDLE_LOADER = "$(TEST_HOST)";
				INFOPLIST_FILE = "Quiz GameTests/Info.plist";
				LD_RUNPATH_SEARCH_PATHS = "$(inherited) @executable_path/Frameworks @loader_path/Frameworks";
				PRODUCT_BUNDLE_IDENTIFIER = "com.amrit.Quiz-GameTests";
				PRODUCT_NAME = "$(TARGET_NAME)";
				TEST_HOST = "$(BUILT_PRODUCTS_DIR)/Quiz Game.app/Quiz Game";
			};
			name = Debug;
		};
		F0D5EC3E1C1A7165004D2C63 /* Release */ = {
			isa = XCBuildConfiguration;
			buildSettings = {
				BUNDLE_LOADER = "$(TEST_HOST)";
				INFOPLIST_FILE = "Quiz GameTests/Info.plist";
				LD_RUNPATH_SEARCH_PATHS = "$(inherited) @executable_path/Frameworks @loader_path/Frameworks";
				PRODUCT_BUNDLE_IDENTIFIER = "com.amrit.Quiz-GameTests";
				PRODUCT_NAME = "$(TARGET_NAME)";
				TEST_HOST = "$(BUILT_PRODUCTS_DIR)/Quiz Game.app/Quiz Game";
			};
			name = Release;
		};
		F0D5EC401C1A7165004D2C63 /* Debug */ = {
			isa = XCBuildConfiguration;
			buildSettings = {
				INFOPLIST_FILE = "Quiz GameUITests/Info.plist";
				LD_RUNPATH_SEARCH_PATHS = "$(inherited) @executable_path/Frameworks @loader_path/Frameworks";
				PRODUCT_BUNDLE_IDENTIFIER = "com.amrit.Quiz-GameUITests";
				PRODUCT_NAME = "$(TARGET_NAME)";
				TEST_TARGET_NAME = "Quiz Game";
				USES_XCTRUNNER = YES;
			};
			name = Debug;
		};
		F0D5EC411C1A7165004D2C63 /* Release */ = {
			isa = XCBuildConfiguration;
			buildSettings = {
				INFOPLIST_FILE = "Quiz GameUITests/Info.plist";
				LD_RUNPATH_SEARCH_PATHS = "$(inherited) @executable_path/Frameworks @loader_path/Frameworks";
				PRODUCT_BUNDLE_IDENTIFIER = "com.amrit.Quiz-GameUITests";
				PRODUCT_NAME = "$(TARGET_NAME)";
				TEST_TARGET_NAME = "Quiz Game";
				USES_XCTRUNNER = YES;
			};
			name = Release;
		};
/* End XCBuildConfiguration section */

/* Begin XCConfigurationList section */
		F0D5EC0C1C1A7164004D2C63 /* Build configuration list for PBXProject "Quiz Game" */ = {
			isa = XCConfigurationList;
			buildConfigurations = (
				F0D5EC371C1A7165004D2C63 /* Debug */,
				F0D5EC381C1A7165004D2C63 /* Release */,
			);
			defaultConfigurationIsVisible = 0;
			defaultConfigurationName = Release;
		};
		F0D5EC391C1A7165004D2C63 /* Build configuration list for PBXNativeTarget "Quiz Game" */ = {
			isa = XCConfigurationList;
			buildConfigurations = (
				F0D5EC3A1C1A7165004D2C63 /* Debug */,
				F0D5EC3B1C1A7165004D2C63 /* Release */,
			);
			defaultConfigurationIsVisible = 0;
		};
		F0D5EC3C1C1A7165004D2C63 /* Build configuration list for PBXNativeTarget "Quiz GameTests" */ = {
			isa = XCConfigurationList;
			buildConfigurations = (
				F0D5EC3D1C1A7165004D2C63 /* Debug */,
				F0D5EC3E1C1A7165004D2C63 /* Release */,
			);
			defaultConfigurationIsVisible = 0;
		};
		F0D5EC3F1C1A7165004D2C63 /* Build configuration list for PBXNativeTarget "Quiz GameUITests" */ = {
			isa = XCConfigurationList;
			buildConfigurations = (
				F0D5EC401C1A7165004D2C63 /* Debug */,
				F0D5EC411C1A7165004D2C63 /* Release */,
			);
			defaultConfigurationIsVisible = 0;
		};
/* End XCConfigurationList section */
	};
	rootObject = F0D5EC091C1A7164004D2C63 /* Project object */;
}
